
Microsoft Visual Studio Solution File, Format Version 12.00
# Visual Studio Version 17
VisualStudioVersion = 17.12.35506.116
MinimumVisualStudioVersion = 10.0.40219.1
Project("{8BC9CEB8-8B4A-11D0-8D11-00A0C91BC942}") = "C", "C.vcxproj", "{A0A4674E-4763-49A1-88E8-C82AFBBC5C41}"
EndProject
Project("{2150E333-8FDC-42A3-9474-1A3956D46DE8}") = "2012", "2012", "{F330E37F-6742-46CE-A96A-7077B8F7A14E}"
EndProject
Project("{2150E333-8FDC-42A3-9474-1A3956D46DE8}") = "2013", "2013", "{4F031841-859D-47C4-82D1-402E51389DAB}"
EndProject
Project("{8BC9CEB8-8B4A-11D0-8D11-00A0C91BC942}") = "F", "..\F\F.vcxproj", "{4F15256C-10BA-46CC-986B-3A2668B2B90A}"
EndProject
Project("{2150E333-8FDC-42A3-9474-1A3956D46DE8}") = "2014", "2014", "{FDEA216F-2F12-4C8A-8152-993B944AABA5}"
EndProject
Project("{8BC9CEB8-8B4A-11D0-8D11-00A0C91BC942}") = "B", "..\B\B.vcxproj", "{E659E41E-4D87-4D46-9801-619FC6C81392}"
EndProject
Project("{8BC9CEB8-8B4A-11D0-8D11-00A0C91BC942}") = "F-2014", "..\F-2014\F-2014.vcxproj", "{083BE180-041F-4169-94A0-ED5F076DD1DC}"
EndProject
Project("{8BC9CEB8-8B4A-11D0-8D11-00A0C91BC942}") = "I-2014", "..\I-2014\I-2014.vcxproj", "{D3CCCEA2-984B-4D87-82A2-4F5E34D5121A}"
EndProject
Project("{2150E333-8FDC-42A3-9474-1A3956D46DE8}") = "2015", "2015", "{26487DA0-DD28-4FD4-BE5E-EA118FB313CC}"
EndProject
Project("{8BC9CEB8-8B4A-11D0-8D11-00A0C91BC942}") = "B-2015", "..\B-2015\B-2015.vcxproj", "{3665ABB1-267C-40CE-A883-DD29B64127EA}"
EndProject
Project("{8BC9CEB8-8B4A-11D0-8D11-00A0C91BC942}") = "H", "..\H\H.vcxproj", "{FE100D03-F763-4C17-965D-5CB7CFFFDA6B}"
EndProject
Project("{8BC9CEB8-8B4A-11D0-8D11-00A0C91BC942}") = "F-2015", "..\F-2015\F-2015.vcxproj", "{51AD0F1C-12D4-4808-A2CD-1EFAF52F72B3}"
EndProject
Project("{8BC9CEB8-8B4A-11D0-8D11-00A0C91BC942}") = "G-2015", "..\G-2015\G-2015.vcxproj", "{33057FBD-BAAE-48CF-95B2-8777F006E9E3}"
EndProject
Project("{8BC9CEB8-8B4A-11D0-8D11-00A0C91BC942}") = "K-2015", "..\K-2015\K-2015.vcxproj", "{95D9A1F6-6C05-412C-8D1A-0D2B2800EE23}"
EndProject
Project("{2150E333-8FDC-42A3-9474-1A3956D46DE8}") = "2016", "2016", "{7BF23CAE-5F04-4C4B-B257-DE2A0256E078}"
EndProject
Project("{8BC9CEB8-8B4A-11D0-8D11-00A0C91BC942}") = "A-2016", "..\A-2016\A-2016.vcxproj", "{EB3D9E08-89FB-424E-A596-5C3D3904BA75}"
EndProject
Project("{8BC9CEB8-8B4A-11D0-8D11-00A0C91BC942}") = "D-2016", "..\D-2016\D-2016.vcxproj", "{5323800A-0BFA-4DC1-8A9F-DBB9A86E637B}"
EndProject
Project("{8BC9CEB8-8B4A-11D0-8D11-00A0C91BC942}") = "H-2016", "..\H-2016\H-2016.vcxproj", "{4B8187F8-4473-4316-9177-D430166A7E5E}"
EndProject
Project("{8BC9CEB8-8B4A-11D0-8D11-00A0C91BC942}") = "I-2016", "..\I-2016\I-2016.vcxproj", "{AAF56C44-D2A3-4208-B3CD-4C2363863334}"
EndProject
Project("{2150E333-8FDC-42A3-9474-1A3956D46DE8}") = "2017", "2017", "{308555FE-25E1-4AED-9499-B9A0E1AE9024}"
EndProject
Project("{8BC9CEB8-8B4A-11D0-8D11-00A0C91BC942}") = "D-2017", "..\D-2017\D-2017.vcxproj", "{C309C6CA-D279-4F8C-BC73-B8F0632D4D73}"
EndProject
Project("{8BC9CEB8-8B4A-11D0-8D11-00A0C91BC942}") = "E-2017", "..\E-2017\E-2017.vcxproj", "{4D9A8053-29D7-4EB6-ADA0-86B7846222CC}"
EndProject
Project("{8BC9CEB8-8B4A-11D0-8D11-00A0C91BC942}") = "G-2017", "..\G-2017\G-2017.vcxproj", "{65680552-29D6-4D3A-A569-1B146F6F14E5}"
EndProject
Project("{8BC9CEB8-8B4A-11D0-8D11-00A0C91BC942}") = "H-2017", "..\H-2017\H-2017.vcxproj", "{A3E7C132-5F84-4553-8ECA-C2820D821316}"
EndProject
Project("{8BC9CEB8-8B4A-11D0-8D11-00A0C91BC942}") = "J-2017", "..\J-2017\J-2017.vcxproj", "{417927CD-F916-431E-AEC9-8C69DF0838E7}"
EndProject
Project("{8BC9CEB8-8B4A-11D0-8D11-00A0C91BC942}") = "K-2017", "..\K-2017\K-2017.vcxproj", "{4A7341C5-942C-44D8-9A83-DA78EB3842BB}"
EndProject
Project("{8BC9CEB8-8B4A-11D0-8D11-00A0C91BC942}") = "L-2017", "..\L-2017\L-2017.vcxproj", "{C741E9D3-2A0B-41C8-BB1C-51EFB29A1F47}"
EndProject
Project("{2150E333-8FDC-42A3-9474-1A3956D46DE8}") = "2018", "2018", "{B0D28082-77A8-4917-BF46-9B266F11B73E}"
EndProject
Project("{8BC9CEB8-8B4A-11D0-8D11-00A0C91BC942}") = "I-2018", "..\I-2018\I-2018.vcxproj", "{7A33352F-F027-43CA-9621-29B6398336F1}"
EndProject
Project("{8BC9CEB8-8B4A-11D0-8D11-00A0C91BC942}") = "B-2018", "..\B-2018\B-2018.vcxproj", "{B212A0CC-1040-4A68-AB8C-91BEEDABC211}"
EndProject
Project("{2150E333-8FDC-42A3-9474-1A3956D46DE8}") = "2019", "2019", "{8B8A792A-7A44-4FEF-BB15-95A50C48B011}"
EndProject
Project("{2150E333-8FDC-42A3-9474-1A3956D46DE8}") = "2020", "2020", "{345A0BD8-9913-44F0-A5C5-738ED0F0CD4E}"
EndProject
Project("{2150E333-8FDC-42A3-9474-1A3956D46DE8}") = "2021", "2021", "{C607F7A6-839F-4F08-8A11-94927E4D6EDF}"
EndProject
Project("{2150E333-8FDC-42A3-9474-1A3956D46DE8}") = "2022", "2022", "{75D07F9D-C219-499C-9084-131EE18A5A7E}"
EndProject
Project("{2150E333-8FDC-42A3-9474-1A3956D46DE8}") = "2023", "2023", "{A296ADC3-56CC-4BB1-96BD-D0F22FFF9DB6}"
EndProject
Project("{2150E333-8FDC-42A3-9474-1A3956D46DE8}") = "2024", "2024", "{A825D415-E8ED-4E35-825D-77493B147D90}"
EndProject
Project("{8BC9CEB8-8B4A-11D0-8D11-00A0C91BC942}") = "I-2019", "..\I-2019\I-2019.vcxproj", "{357FB40D-705C-4098-BA64-17FFDAD19C32}"
EndProject
Project("{8BC9CEB8-8B4A-11D0-8D11-00A0C91BC942}") = "D-2020", "..\D-2020\D-2020.vcxproj", "{2BB5E0B4-52E5-43A0-ACCF-452D73F95052}"
EndProject
Project("{8BC9CEB8-8B4A-11D0-8D11-00A0C91BC942}") = "F-2020", "..\F-2020\F-2020.vcxproj", "{56765800-FF72-4452-BC4C-BD8B546D5ECB}"
EndProject
Project("{8BC9CEB8-8B4A-11D0-8D11-00A0C91BC942}") = "H-2020", "..\H-2020\H-2020.vcxproj", "{38F3E495-9BC0-47E5-998D-C6569AB4ED62}"
EndProject
Project("{8BC9CEB8-8B4A-11D0-8D11-00A0C91BC942}") = "A", "..\A\A.vcxproj", "{BBF5D45B-D5A0-404B-889B-4AF378EEACD9}"
EndProject
Project("{8BC9CEB8-8B4A-11D0-8D11-00A0C91BC942}") = "Е-2021", "..\Е-2021\Е-2021.vcxproj", "{22DE2773-A0BE-4EF6-B362-6131FA2DE6A3}"
EndProject
Project("{8BC9CEB8-8B4A-11D0-8D11-00A0C91BC942}") = "H-2021", "..\H-2021\H-2021.vcxproj", "{C6795173-98C1-48E5-A10A-E4C8134A522B}"
EndProject
Project("{8BC9CEB8-8B4A-11D0-8D11-00A0C91BC942}") = "I-2021", "..\I-2021\I-2021.vcxproj", "{2B1DE3BC-5AE0-47CE-B39D-287C57281FDB}"
EndProject
Project("{8BC9CEB8-8B4A-11D0-8D11-00A0C91BC942}") = "A-2022", "..\A-2022\A-2022.vcxproj", "{8E391526-B250-4714-A1A2-9B9C9A5F6633}"
EndProject
Project("{8BC9CEB8-8B4A-11D0-8D11-00A0C91BC942}") = "B-2022", "..\B-2022\B-2022.vcxproj", "{D73EB6C7-C538-49E3-BBA5-9B545D2D9377}"
EndProject
Project("{8BC9CEB8-8B4A-11D0-8D11-00A0C91BC942}") = "E-2022", "..\E-2022\E-2022.vcxproj", "{B58F8181-5E22-491C-A5A7-5D739CE7F77F}"
EndProject
Project("{8BC9CEB8-8B4A-11D0-8D11-00A0C91BC942}") = "F-2022", "..\F-2022\F-2022.vcxproj", "{11F1424B-4CA6-4D96-BDF9-382186F79228}"
EndProject
Project("{8BC9CEB8-8B4A-11D0-8D11-00A0C91BC942}") = "I-2022", "..\I-2022\I-2022.vcxproj", "{62CB1A0F-11B8-460E-8725-C786E1D11FD4}"
EndProject
Project("{8BC9CEB8-8B4A-11D0-8D11-00A0C91BC942}") = "K-2022", "..\K-2022\K-2022.vcxproj", "{D360CDE9-1D05-48C0-B807-7B16D90F5A4B}"
EndProject
Project("{8BC9CEB8-8B4A-11D0-8D11-00A0C91BC942}") = "H-2023", "..\H-2023\H-2023.vcxproj", "{BD26CE44-3C2C-4931-B64C-278FECE46315}"
EndProject
Project("{8BC9CEB8-8B4A-11D0-8D11-00A0C91BC942}") = "A-2023", "..\A-2023\A-2023.vcxproj", "{94C76868-C791-4EF2-B5D9-DB3FDA5A9B37}"
EndProject
Project("{8BC9CEB8-8B4A-11D0-8D11-00A0C91BC942}") = "H-2024", "..\H-2024\H-2024.vcxproj", "{B9F50169-6F2D-4C4F-89B3-DE309A72F317}"
EndProject
Project("{8BC9CEB8-8B4A-11D0-8D11-00A0C91BC942}") = "I-2024", "..\I-2024\I-2024.vcxproj", "{91C9FEB6-03F3-4E63-A918-10BF73E2A171}"
EndProject
Project("{8BC9CEB8-8B4A-11D0-8D11-00A0C91BC942}") = "K-2024", "..\K-2024\K-2024.vcxproj", "{F75459EC-B456-476F-A98B-1EEA618868D9}"
EndProject
Global
	GlobalSection(SolutionConfigurationPlatforms) = preSolution
		Debug|x64 = Debug|x64
		Debug|x86 = Debug|x86
		Release|x64 = Release|x64
		Release|x86 = Release|x86
	EndGlobalSection
	GlobalSection(ProjectConfigurationPlatforms) = postSolution
		{A0A4674E-4763-49A1-88E8-C82AFBBC5C41}.Debug|x64.ActiveCfg = Debug|x64
		{A0A4674E-4763-49A1-88E8-C82AFBBC5C41}.Debug|x64.Build.0 = Debug|x64
		{A0A4674E-4763-49A1-88E8-C82AFBBC5C41}.Debug|x86.ActiveCfg = Debug|Win32
		{A0A4674E-4763-49A1-88E8-C82AFBBC5C41}.Debug|x86.Build.0 = Debug|Win32
		{A0A4674E-4763-49A1-88E8-C82AFBBC5C41}.Release|x64.ActiveCfg = Release|x64
		{A0A4674E-4763-49A1-88E8-C82AFBBC5C41}.Release|x64.Build.0 = Release|x64
		{A0A4674E-4763-49A1-88E8-C82AFBBC5C41}.Release|x86.ActiveCfg = Release|Win32
		{A0A4674E-4763-49A1-88E8-C82AFBBC5C41}.Release|x86.Build.0 = Release|Win32
		{4F15256C-10BA-46CC-986B-3A2668B2B90A}.Debug|x64.ActiveCfg = Debug|x64
		{4F15256C-10BA-46CC-986B-3A2668B2B90A}.Debug|x64.Build.0 = Debug|x64
		{4F15256C-10BA-46CC-986B-3A2668B2B90A}.Debug|x86.ActiveCfg = Debug|Win32
		{4F15256C-10BA-46CC-986B-3A2668B2B90A}.Debug|x86.Build.0 = Debug|Win32
		{4F15256C-10BA-46CC-986B-3A2668B2B90A}.Release|x64.ActiveCfg = Release|x64
		{4F15256C-10BA-46CC-986B-3A2668B2B90A}.Release|x64.Build.0 = Release|x64
		{4F15256C-10BA-46CC-986B-3A2668B2B90A}.Release|x86.ActiveCfg = Release|Win32
		{4F15256C-10BA-46CC-986B-3A2668B2B90A}.Release|x86.Build.0 = Release|Win32
		{E659E41E-4D87-4D46-9801-619FC6C81392}.Debug|x64.ActiveCfg = Debug|x64
		{E659E41E-4D87-4D46-9801-619FC6C81392}.Debug|x64.Build.0 = Debug|x64
		{E659E41E-4D87-4D46-9801-619FC6C81392}.Debug|x86.ActiveCfg = Debug|Win32
		{E659E41E-4D87-4D46-9801-619FC6C81392}.Debug|x86.Build.0 = Debug|Win32
		{E659E41E-4D87-4D46-9801-619FC6C81392}.Release|x64.ActiveCfg = Release|x64
		{E659E41E-4D87-4D46-9801-619FC6C81392}.Release|x64.Build.0 = Release|x64
		{E659E41E-4D87-4D46-9801-619FC6C81392}.Release|x86.ActiveCfg = Release|Win32
		{E659E41E-4D87-4D46-9801-619FC6C81392}.Release|x86.Build.0 = Release|Win32
		{083BE180-041F-4169-94A0-ED5F076DD1DC}.Debug|x64.ActiveCfg = Debug|x64
		{083BE180-041F-4169-94A0-ED5F076DD1DC}.Debug|x64.Build.0 = Debug|x64
		{083BE180-041F-4169-94A0-ED5F076DD1DC}.Debug|x86.ActiveCfg = Debug|Win32
		{083BE180-041F-4169-94A0-ED5F076DD1DC}.Debug|x86.Build.0 = Debug|Win32
		{083BE180-041F-4169-94A0-ED5F076DD1DC}.Release|x64.ActiveCfg = Release|x64
		{083BE180-041F-4169-94A0-ED5F076DD1DC}.Release|x64.Build.0 = Release|x64
		{083BE180-041F-4169-94A0-ED5F076DD1DC}.Release|x86.ActiveCfg = Release|Win32
		{083BE180-041F-4169-94A0-ED5F076DD1DC}.Release|x86.Build.0 = Release|Win32
		{D3CCCEA2-984B-4D87-82A2-4F5E34D5121A}.Debug|x64.ActiveCfg = Debug|x64
		{D3CCCEA2-984B-4D87-82A2-4F5E34D5121A}.Debug|x64.Build.0 = Debug|x64
		{D3CCCEA2-984B-4D87-82A2-4F5E34D5121A}.Debug|x86.ActiveCfg = Debug|Win32
		{D3CCCEA2-984B-4D87-82A2-4F5E34D5121A}.Debug|x86.Build.0 = Debug|Win32
		{D3CCCEA2-984B-4D87-82A2-4F5E34D5121A}.Release|x64.ActiveCfg = Release|x64
		{D3CCCEA2-984B-4D87-82A2-4F5E34D5121A}.Release|x64.Build.0 = Release|x64
		{D3CCCEA2-984B-4D87-82A2-4F5E34D5121A}.Release|x86.ActiveCfg = Release|Win32
		{D3CCCEA2-984B-4D87-82A2-4F5E34D5121A}.Release|x86.Build.0 = Release|Win32
		{3665ABB1-267C-40CE-A883-DD29B64127EA}.Debug|x64.ActiveCfg = Debug|x64
		{3665ABB1-267C-40CE-A883-DD29B64127EA}.Debug|x64.Build.0 = Debug|x64
		{3665ABB1-267C-40CE-A883-DD29B64127EA}.Debug|x86.ActiveCfg = Debug|Win32
		{3665ABB1-267C-40CE-A883-DD29B64127EA}.Debug|x86.Build.0 = Debug|Win32
		{3665ABB1-267C-40CE-A883-DD29B64127EA}.Release|x64.ActiveCfg = Release|x64
		{3665ABB1-267C-40CE-A883-DD29B64127EA}.Release|x64.Build.0 = Release|x64
		{3665ABB1-267C-40CE-A883-DD29B64127EA}.Release|x86.ActiveCfg = Release|Win32
		{3665ABB1-267C-40CE-A883-DD29B64127EA}.Release|x86.Build.0 = Release|Win32
		{FE100D03-F763-4C17-965D-5CB7CFFFDA6B}.Debug|x64.ActiveCfg = Debug|x64
		{FE100D03-F763-4C17-965D-5CB7CFFFDA6B}.Debug|x64.Build.0 = Debug|x64
		{FE100D03-F763-4C17-965D-5CB7CFFFDA6B}.Debug|x86.ActiveCfg = Debug|Win32
		{FE100D03-F763-4C17-965D-5CB7CFFFDA6B}.Debug|x86.Build.0 = Debug|Win32
		{FE100D03-F763-4C17-965D-5CB7CFFFDA6B}.Release|x64.ActiveCfg = Release|x64
		{FE100D03-F763-4C17-965D-5CB7CFFFDA6B}.Release|x64.Build.0 = Release|x64
		{FE100D03-F763-4C17-965D-5CB7CFFFDA6B}.Release|x86.ActiveCfg = Release|Win32
		{FE100D03-F763-4C17-965D-5CB7CFFFDA6B}.Release|x86.Build.0 = Release|Win32
		{51AD0F1C-12D4-4808-A2CD-1EFAF52F72B3}.Debug|x64.ActiveCfg = Debug|x64
		{51AD0F1C-12D4-4808-A2CD-1EFAF52F72B3}.Debug|x64.Build.0 = Debug|x64
		{51AD0F1C-12D4-4808-A2CD-1EFAF52F72B3}.Debug|x86.ActiveCfg = Debug|Win32
		{51AD0F1C-12D4-4808-A2CD-1EFAF52F72B3}.Debug|x86.Build.0 = Debug|Win32
		{51AD0F1C-12D4-4808-A2CD-1EFAF52F72B3}.Release|x64.ActiveCfg = Release|x64
		{51AD0F1C-12D4-4808-A2CD-1EFAF52F72B3}.Release|x64.Build.0 = Release|x64
		{51AD0F1C-12D4-4808-A2CD-1EFAF52F72B3}.Release|x86.ActiveCfg = Release|Win32
		{51AD0F1C-12D4-4808-A2CD-1EFAF52F72B3}.Release|x86.Build.0 = Release|Win32
		{33057FBD-BAAE-48CF-95B2-8777F006E9E3}.Debug|x64.ActiveCfg = Debug|x64
		{33057FBD-BAAE-48CF-95B2-8777F006E9E3}.Debug|x64.Build.0 = Debug|x64
		{33057FBD-BAAE-48CF-95B2-8777F006E9E3}.Debug|x86.ActiveCfg = Debug|Win32
		{33057FBD-BAAE-48CF-95B2-8777F006E9E3}.Debug|x86.Build.0 = Debug|Win32
		{33057FBD-BAAE-48CF-95B2-8777F006E9E3}.Release|x64.ActiveCfg = Release|x64
		{33057FBD-BAAE-48CF-95B2-8777F006E9E3}.Release|x64.Build.0 = Release|x64
		{33057FBD-BAAE-48CF-95B2-8777F006E9E3}.Release|x86.ActiveCfg = Release|Win32
		{33057FBD-BAAE-48CF-95B2-8777F006E9E3}.Release|x86.Build.0 = Release|Win32
		{95D9A1F6-6C05-412C-8D1A-0D2B2800EE23}.Debug|x64.ActiveCfg = Debug|x64
		{95D9A1F6-6C05-412C-8D1A-0D2B2800EE23}.Debug|x64.Build.0 = Debug|x64
		{95D9A1F6-6C05-412C-8D1A-0D2B2800EE23}.Debug|x86.ActiveCfg = Debug|Win32
		{95D9A1F6-6C05-412C-8D1A-0D2B2800EE23}.Debug|x86.Build.0 = Debug|Win32
		{95D9A1F6-6C05-412C-8D1A-0D2B2800EE23}.Release|x64.ActiveCfg = Release|x64
		{95D9A1F6-6C05-412C-8D1A-0D2B2800EE23}.Release|x64.Build.0 = Release|x64
		{95D9A1F6-6C05-412C-8D1A-0D2B2800EE23}.Release|x86.ActiveCfg = Release|Win32
		{95D9A1F6-6C05-412C-8D1A-0D2B2800EE23}.Release|x86.Build.0 = Release|Win32
		{EB3D9E08-89FB-424E-A596-5C3D3904BA75}.Debug|x64.ActiveCfg = Debug|x64
		{EB3D9E08-89FB-424E-A596-5C3D3904BA75}.Debug|x64.Build.0 = Debug|x64
		{EB3D9E08-89FB-424E-A596-5C3D3904BA75}.Debug|x86.ActiveCfg = Debug|Win32
		{EB3D9E08-89FB-424E-A596-5C3D3904BA75}.Debug|x86.Build.0 = Debug|Win32
		{EB3D9E08-89FB-424E-A596-5C3D3904BA75}.Release|x64.ActiveCfg = Release|x64
		{EB3D9E08-89FB-424E-A596-5C3D3904BA75}.Release|x64.Build.0 = Release|x64
		{EB3D9E08-89FB-424E-A596-5C3D3904BA75}.Release|x86.ActiveCfg = Release|Win32
		{EB3D9E08-89FB-424E-A596-5C3D3904BA75}.Release|x86.Build.0 = Release|Win32
		{5323800A-0BFA-4DC1-8A9F-DBB9A86E637B}.Debug|x64.ActiveCfg = Debug|x64
		{5323800A-0BFA-4DC1-8A9F-DBB9A86E637B}.Debug|x64.Build.0 = Debug|x64
		{5323800A-0BFA-4DC1-8A9F-DBB9A86E637B}.Debug|x86.ActiveCfg = Debug|Win32
		{5323800A-0BFA-4DC1-8A9F-DBB9A86E637B}.Debug|x86.Build.0 = Debug|Win32
		{5323800A-0BFA-4DC1-8A9F-DBB9A86E637B}.Release|x64.ActiveCfg = Release|x64
		{5323800A-0BFA-4DC1-8A9F-DBB9A86E637B}.Release|x64.Build.0 = Release|x64
		{5323800A-0BFA-4DC1-8A9F-DBB9A86E637B}.Release|x86.ActiveCfg = Release|Win32
		{5323800A-0BFA-4DC1-8A9F-DBB9A86E637B}.Release|x86.Build.0 = Release|Win32
		{4B8187F8-4473-4316-9177-D430166A7E5E}.Debug|x64.ActiveCfg = Debug|x64
		{4B8187F8-4473-4316-9177-D430166A7E5E}.Debug|x64.Build.0 = Debug|x64
		{4B8187F8-4473-4316-9177-D430166A7E5E}.Debug|x86.ActiveCfg = Debug|Win32
		{4B8187F8-4473-4316-9177-D430166A7E5E}.Debug|x86.Build.0 = Debug|Win32
		{4B8187F8-4473-4316-9177-D430166A7E5E}.Release|x64.ActiveCfg = Release|x64
		{4B8187F8-4473-4316-9177-D430166A7E5E}.Release|x64.Build.0 = Release|x64
		{4B8187F8-4473-4316-9177-D430166A7E5E}.Release|x86.ActiveCfg = Release|Win32
		{4B8187F8-4473-4316-9177-D430166A7E5E}.Release|x86.Build.0 = Release|Win32
		{AAF56C44-D2A3-4208-B3CD-4C2363863334}.Debug|x64.ActiveCfg = Debug|x64
		{AAF56C44-D2A3-4208-B3CD-4C2363863334}.Debug|x64.Build.0 = Debug|x64
		{AAF56C44-D2A3-4208-B3CD-4C2363863334}.Debug|x86.ActiveCfg = Debug|Win32
		{AAF56C44-D2A3-4208-B3CD-4C2363863334}.Debug|x86.Build.0 = Debug|Win32
		{AAF56C44-D2A3-4208-B3CD-4C2363863334}.Release|x64.ActiveCfg = Release|x64
		{AAF56C44-D2A3-4208-B3CD-4C2363863334}.Release|x64.Build.0 = Release|x64
		{AAF56C44-D2A3-4208-B3CD-4C2363863334}.Release|x86.ActiveCfg = Release|Win32
		{AAF56C44-D2A3-4208-B3CD-4C2363863334}.Release|x86.Build.0 = Release|Win32
		{C309C6CA-D279-4F8C-BC73-B8F0632D4D73}.Debug|x64.ActiveCfg = Debug|x64
		{C309C6CA-D279-4F8C-BC73-B8F0632D4D73}.Debug|x64.Build.0 = Debug|x64
		{C309C6CA-D279-4F8C-BC73-B8F0632D4D73}.Debug|x86.ActiveCfg = Debug|Win32
		{C309C6CA-D279-4F8C-BC73-B8F0632D4D73}.Debug|x86.Build.0 = Debug|Win32
		{C309C6CA-D279-4F8C-BC73-B8F0632D4D73}.Release|x64.ActiveCfg = Release|x64
		{C309C6CA-D279-4F8C-BC73-B8F0632D4D73}.Release|x64.Build.0 = Release|x64
		{C309C6CA-D279-4F8C-BC73-B8F0632D4D73}.Release|x86.ActiveCfg = Release|Win32
		{C309C6CA-D279-4F8C-BC73-B8F0632D4D73}.Release|x86.Build.0 = Release|Win32
		{4D9A8053-29D7-4EB6-ADA0-86B7846222CC}.Debug|x64.ActiveCfg = Debug|x64
		{4D9A8053-29D7-4EB6-ADA0-86B7846222CC}.Debug|x64.Build.0 = Debug|x64
		{4D9A8053-29D7-4EB6-ADA0-86B7846222CC}.Debug|x86.ActiveCfg = Debug|Win32
		{4D9A8053-29D7-4EB6-ADA0-86B7846222CC}.Debug|x86.Build.0 = Debug|Win32
		{4D9A8053-29D7-4EB6-ADA0-86B7846222CC}.Release|x64.ActiveCfg = Release|x64
		{4D9A8053-29D7-4EB6-ADA0-86B7846222CC}.Release|x64.Build.0 = Release|x64
		{4D9A8053-29D7-4EB6-ADA0-86B7846222CC}.Release|x86.ActiveCfg = Release|Win32
		{4D9A8053-29D7-4EB6-ADA0-86B7846222CC}.Release|x86.Build.0 = Release|Win32
		{65680552-29D6-4D3A-A569-1B146F6F14E5}.Debug|x64.ActiveCfg = Debug|x64
		{65680552-29D6-4D3A-A569-1B146F6F14E5}.Debug|x64.Build.0 = Debug|x64
		{65680552-29D6-4D3A-A569-1B146F6F14E5}.Debug|x86.ActiveCfg = Debug|Win32
		{65680552-29D6-4D3A-A569-1B146F6F14E5}.Debug|x86.Build.0 = Debug|Win32
		{65680552-29D6-4D3A-A569-1B146F6F14E5}.Release|x64.ActiveCfg = Release|x64
		{65680552-29D6-4D3A-A569-1B146F6F14E5}.Release|x64.Build.0 = Release|x64
		{65680552-29D6-4D3A-A569-1B146F6F14E5}.Release|x86.ActiveCfg = Release|Win32
		{65680552-29D6-4D3A-A569-1B146F6F14E5}.Release|x86.Build.0 = Release|Win32
		{A3E7C132-5F84-4553-8ECA-C2820D821316}.Debug|x64.ActiveCfg = Debug|x64
		{A3E7C132-5F84-4553-8ECA-C2820D821316}.Debug|x64.Build.0 = Debug|x64
		{A3E7C132-5F84-4553-8ECA-C2820D821316}.Debug|x86.ActiveCfg = Debug|Win32
		{A3E7C132-5F84-4553-8ECA-C2820D821316}.Debug|x86.Build.0 = Debug|Win32
		{A3E7C132-5F84-4553-8ECA-C2820D821316}.Release|x64.ActiveCfg = Release|x64
		{A3E7C132-5F84-4553-8ECA-C2820D821316}.Release|x64.Build.0 = Release|x64
		{A3E7C132-5F84-4553-8ECA-C2820D821316}.Release|x86.ActiveCfg = Release|Win32
		{A3E7C132-5F84-4553-8ECA-C2820D821316}.Release|x86.Build.0 = Release|Win32
		{417927CD-F916-431E-AEC9-8C69DF0838E7}.Debug|x64.ActiveCfg = Debug|x64
		{417927CD-F916-431E-AEC9-8C69DF0838E7}.Debug|x64.Build.0 = Debug|x64
		{417927CD-F916-431E-AEC9-8C69DF0838E7}.Debug|x86.ActiveCfg = Debug|Win32
		{417927CD-F916-431E-AEC9-8C69DF0838E7}.Debug|x86.Build.0 = Debug|Win32
		{417927CD-F916-431E-AEC9-8C69DF0838E7}.Release|x64.ActiveCfg = Release|x64
		{417927CD-F916-431E-AEC9-8C69DF0838E7}.Release|x64.Build.0 = Release|x64
		{417927CD-F916-431E-AEC9-8C69DF0838E7}.Release|x86.ActiveCfg = Release|Win32
		{417927CD-F916-431E-AEC9-8C69DF0838E7}.Release|x86.Build.0 = Release|Win32
		{4A7341C5-942C-44D8-9A83-DA78EB3842BB}.Debug|x64.ActiveCfg = Debug|x64
		{4A7341C5-942C-44D8-9A83-DA78EB3842BB}.Debug|x64.Build.0 = Debug|x64
		{4A7341C5-942C-44D8-9A83-DA78EB3842BB}.Debug|x86.ActiveCfg = Debug|Win32
		{4A7341C5-942C-44D8-9A83-DA78EB3842BB}.Debug|x86.Build.0 = Debug|Win32
		{4A7341C5-942C-44D8-9A83-DA78EB3842BB}.Release|x64.ActiveCfg = Release|x64
		{4A7341C5-942C-44D8-9A83-DA78EB3842BB}.Release|x64.Build.0 = Release|x64
		{4A7341C5-942C-44D8-9A83-DA78EB3842BB}.Release|x86.ActiveCfg = Release|Win32
		{4A7341C5-942C-44D8-9A83-DA78EB3842BB}.Release|x86.Build.0 = Release|Win32
		{C741E9D3-2A0B-41C8-BB1C-51EFB29A1F47}.Debug|x64.ActiveCfg = Debug|x64
		{C741E9D3-2A0B-41C8-BB1C-51EFB29A1F47}.Debug|x64.Build.0 = Debug|x64
		{C741E9D3-2A0B-41C8-BB1C-51EFB29A1F47}.Debug|x86.ActiveCfg = Debug|Win32
		{C741E9D3-2A0B-41C8-BB1C-51EFB29A1F47}.Debug|x86.Build.0 = Debug|Win32
		{C741E9D3-2A0B-41C8-BB1C-51EFB29A1F47}.Release|x64.ActiveCfg = Release|x64
		{C741E9D3-2A0B-41C8-BB1C-51EFB29A1F47}.Release|x64.Build.0 = Release|x64
		{C741E9D3-2A0B-41C8-BB1C-51EFB29A1F47}.Release|x86.ActiveCfg = Release|Win32
		{C741E9D3-2A0B-41C8-BB1C-51EFB29A1F47}.Release|x86.Build.0 = Release|Win32
		{7A33352F-F027-43CA-9621-29B6398336F1}.Debug|x64.ActiveCfg = Debug|x64
		{7A33352F-F027-43CA-9621-29B6398336F1}.Debug|x64.Build.0 = Debug|x64
		{7A33352F-F027-43CA-9621-29B6398336F1}.Debug|x86.ActiveCfg = Debug|Win32
		{7A33352F-F027-43CA-9621-29B6398336F1}.Debug|x86.Build.0 = Debug|Win32
		{7A33352F-F027-43CA-9621-29B6398336F1}.Release|x64.ActiveCfg = Release|x64
		{7A33352F-F027-43CA-9621-29B6398336F1}.Release|x64.Build.0 = Release|x64
		{7A33352F-F027-43CA-9621-29B6398336F1}.Release|x86.ActiveCfg = Release|Win32
		{7A33352F-F027-43CA-9621-29B6398336F1}.Release|x86.Build.0 = Release|Win32
		{B212A0CC-1040-4A68-AB8C-91BEEDABC211}.Debug|x64.ActiveCfg = Debug|x64
		{B212A0CC-1040-4A68-AB8C-91BEEDABC211}.Debug|x64.Build.0 = Debug|x64
		{B212A0CC-1040-4A68-AB8C-91BEEDABC211}.Debug|x86.ActiveCfg = Debug|Win32
		{B212A0CC-1040-4A68-AB8C-91BEEDABC211}.Debug|x86.Build.0 = Debug|Win32
		{B212A0CC-1040-4A68-AB8C-91BEEDABC211}.Release|x64.ActiveCfg = Release|x64
		{B212A0CC-1040-4A68-AB8C-91BEEDABC211}.Release|x64.Build.0 = Release|x64
		{B212A0CC-1040-4A68-AB8C-91BEEDABC211}.Release|x86.ActiveCfg = Release|Win32
		{B212A0CC-1040-4A68-AB8C-91BEEDABC211}.Release|x86.Build.0 = Release|Win32
		{357FB40D-705C-4098-BA64-17FFDAD19C32}.Debug|x64.ActiveCfg = Debug|x64
		{357FB40D-705C-4098-BA64-17FFDAD19C32}.Debug|x64.Build.0 = Debug|x64
		{357FB40D-705C-4098-BA64-17FFDAD19C32}.Debug|x86.ActiveCfg = Debug|Win32
		{357FB40D-705C-4098-BA64-17FFDAD19C32}.Debug|x86.Build.0 = Debug|Win32
		{357FB40D-705C-4098-BA64-17FFDAD19C32}.Release|x64.ActiveCfg = Release|x64
		{357FB40D-705C-4098-BA64-17FFDAD19C32}.Release|x64.Build.0 = Release|x64
		{357FB40D-705C-4098-BA64-17FFDAD19C32}.Release|x86.ActiveCfg = Release|Win32
		{357FB40D-705C-4098-BA64-17FFDAD19C32}.Release|x86.Build.0 = Release|Win32
		{2BB5E0B4-52E5-43A0-ACCF-452D73F95052}.Debug|x64.ActiveCfg = Debug|x64
		{2BB5E0B4-52E5-43A0-ACCF-452D73F95052}.Debug|x64.Build.0 = Debug|x64
		{2BB5E0B4-52E5-43A0-ACCF-452D73F95052}.Debug|x86.ActiveCfg = Debug|Win32
		{2BB5E0B4-52E5-43A0-ACCF-452D73F95052}.Debug|x86.Build.0 = Debug|Win32
		{2BB5E0B4-52E5-43A0-ACCF-452D73F95052}.Release|x64.ActiveCfg = Release|x64
		{2BB5E0B4-52E5-43A0-ACCF-452D73F95052}.Release|x64.Build.0 = Release|x64
		{2BB5E0B4-52E5-43A0-ACCF-452D73F95052}.Release|x86.ActiveCfg = Release|Win32
		{2BB5E0B4-52E5-43A0-ACCF-452D73F95052}.Release|x86.Build.0 = Release|Win32
		{56765800-FF72-4452-BC4C-BD8B546D5ECB}.Debug|x64.ActiveCfg = Debug|x64
		{56765800-FF72-4452-BC4C-BD8B546D5ECB}.Debug|x64.Build.0 = Debug|x64
		{56765800-FF72-4452-BC4C-BD8B546D5ECB}.Debug|x86.ActiveCfg = Debug|Win32
		{56765800-FF72-4452-BC4C-BD8B546D5ECB}.Debug|x86.Build.0 = Debug|Win32
		{56765800-FF72-4452-BC4C-BD8B546D5ECB}.Release|x64.ActiveCfg = Release|x64
		{56765800-FF72-4452-BC4C-BD8B546D5ECB}.Release|x64.Build.0 = Release|x64
		{56765800-FF72-4452-BC4C-BD8B546D5ECB}.Release|x86.ActiveCfg = Release|Win32
		{56765800-FF72-4452-BC4C-BD8B546D5ECB}.Release|x86.Build.0 = Release|Win32
		{38F3E495-9BC0-47E5-998D-C6569AB4ED62}.Debug|x64.ActiveCfg = Debug|x64
		{38F3E495-9BC0-47E5-998D-C6569AB4ED62}.Debug|x64.Build.0 = Debug|x64
		{38F3E495-9BC0-47E5-998D-C6569AB4ED62}.Debug|x86.ActiveCfg = Debug|Win32
		{38F3E495-9BC0-47E5-998D-C6569AB4ED62}.Debug|x86.Build.0 = Debug|Win32
		{38F3E495-9BC0-47E5-998D-C6569AB4ED62}.Release|x64.ActiveCfg = Release|x64
		{38F3E495-9BC0-47E5-998D-C6569AB4ED62}.Release|x64.Build.0 = Release|x64
		{38F3E495-9BC0-47E5-998D-C6569AB4ED62}.Release|x86.ActiveCfg = Release|Win32
		{38F3E495-9BC0-47E5-998D-C6569AB4ED62}.Release|x86.Build.0 = Release|Win32
		{BBF5D45B-D5A0-404B-889B-4AF378EEACD9}.Debug|x64.ActiveCfg = Debug|x64
		{BBF5D45B-D5A0-404B-889B-4AF378EEACD9}.Debug|x64.Build.0 = Debug|x64
		{BBF5D45B-D5A0-404B-889B-4AF378EEACD9}.Debug|x86.ActiveCfg = Debug|Win32
		{BBF5D45B-D5A0-404B-889B-4AF378EEACD9}.Debug|x86.Build.0 = Debug|Win32
		{BBF5D45B-D5A0-404B-889B-4AF378EEACD9}.Release|x64.ActiveCfg = Release|x64
		{BBF5D45B-D5A0-404B-889B-4AF378EEACD9}.Release|x64.Build.0 = Release|x64
		{BBF5D45B-D5A0-404B-889B-4AF378EEACD9}.Release|x86.ActiveCfg = Release|Win32
		{BBF5D45B-D5A0-404B-889B-4AF378EEACD9}.Release|x86.Build.0 = Release|Win32
		{22DE2773-A0BE-4EF6-B362-6131FA2DE6A3}.Debug|x64.ActiveCfg = Debug|x64
		{22DE2773-A0BE-4EF6-B362-6131FA2DE6A3}.Debug|x64.Build.0 = Debug|x64
		{22DE2773-A0BE-4EF6-B362-6131FA2DE6A3}.Debug|x86.ActiveCfg = Debug|Win32
		{22DE2773-A0BE-4EF6-B362-6131FA2DE6A3}.Debug|x86.Build.0 = Debug|Win32
		{22DE2773-A0BE-4EF6-B362-6131FA2DE6A3}.Release|x64.ActiveCfg = Release|x64
		{22DE2773-A0BE-4EF6-B362-6131FA2DE6A3}.Release|x64.Build.0 = Release|x64
		{22DE2773-A0BE-4EF6-B362-6131FA2DE6A3}.Release|x86.ActiveCfg = Release|Win32
		{22DE2773-A0BE-4EF6-B362-6131FA2DE6A3}.Release|x86.Build.0 = Release|Win32
		{C6795173-98C1-48E5-A10A-E4C8134A522B}.Debug|x64.ActiveCfg = Debug|x64
		{C6795173-98C1-48E5-A10A-E4C8134A522B}.Debug|x64.Build.0 = Debug|x64
		{C6795173-98C1-48E5-A10A-E4C8134A522B}.Debug|x86.ActiveCfg = Debug|Win32
		{C6795173-98C1-48E5-A10A-E4C8134A522B}.Debug|x86.Build.0 = Debug|Win32
		{C6795173-98C1-48E5-A10A-E4C8134A522B}.Release|x64.ActiveCfg = Release|x64
		{C6795173-98C1-48E5-A10A-E4C8134A522B}.Release|x64.Build.0 = Release|x64
		{C6795173-98C1-48E5-A10A-E4C8134A522B}.Release|x86.ActiveCfg = Release|Win32
		{C6795173-98C1-48E5-A10A-E4C8134A522B}.Release|x86.Build.0 = Release|Win32
		{2B1DE3BC-5AE0-47CE-B39D-287C57281FDB}.Debug|x64.ActiveCfg = Debug|x64
		{2B1DE3BC-5AE0-47CE-B39D-287C57281FDB}.Debug|x64.Build.0 = Debug|x64
		{2B1DE3BC-5AE0-47CE-B39D-287C57281FDB}.Debug|x86.ActiveCfg = Debug|Win32
		{2B1DE3BC-5AE0-47CE-B39D-287C57281FDB}.Debug|x86.Build.0 = Debug|Win32
		{2B1DE3BC-5AE0-47CE-B39D-287C57281FDB}.Release|x64.ActiveCfg = Release|x64
		{2B1DE3BC-5AE0-47CE-B39D-287C57281FDB}.Release|x64.Build.0 = Release|x64
		{2B1DE3BC-5AE0-47CE-B39D-287C57281FDB}.Release|x86.ActiveCfg = Release|Win32
		{2B1DE3BC-5AE0-47CE-B39D-287C57281FDB}.Release|x86.Build.0 = Release|Win32
		{8E391526-B250-4714-A1A2-9B9C9A5F6633}.Debug|x64.ActiveCfg = Debug|x64
		{8E391526-B250-4714-A1A2-9B9C9A5F6633}.Debug|x64.Build.0 = Debug|x64
		{8E391526-B250-4714-A1A2-9B9C9A5F6633}.Debug|x86.ActiveCfg = Debug|Win32
		{8E391526-B250-4714-A1A2-9B9C9A5F6633}.Debug|x86.Build.0 = Debug|Win32
		{8E391526-B250-4714-A1A2-9B9C9A5F6633}.Release|x64.ActiveCfg = Release|x64
		{8E391526-B250-4714-A1A2-9B9C9A5F6633}.Release|x64.Build.0 = Release|x64
		{8E391526-B250-4714-A1A2-9B9C9A5F6633}.Release|x86.ActiveCfg = Release|Win32
		{8E391526-B250-4714-A1A2-9B9C9A5F6633}.Release|x86.Build.0 = Release|Win32
		{D73EB6C7-C538-49E3-BBA5-9B545D2D9377}.Debug|x64.ActiveCfg = Debug|x64
		{D73EB6C7-C538-49E3-BBA5-9B545D2D9377}.Debug|x64.Build.0 = Debug|x64
		{D73EB6C7-C538-49E3-BBA5-9B545D2D9377}.Debug|x86.ActiveCfg = Debug|Win32
		{D73EB6C7-C538-49E3-BBA5-9B545D2D9377}.Debug|x86.Build.0 = Debug|Win32
		{D73EB6C7-C538-49E3-BBA5-9B545D2D9377}.Release|x64.ActiveCfg = Release|x64
		{D73EB6C7-C538-49E3-BBA5-9B545D2D9377}.Release|x64.Build.0 = Release|x64
		{D73EB6C7-C538-49E3-BBA5-9B545D2D9377}.Release|x86.ActiveCfg = Release|Win32
		{D73EB6C7-C538-49E3-BBA5-9B545D2D9377}.Release|x86.Build.0 = Release|Win32
		{B58F8181-5E22-491C-A5A7-5D739CE7F77F}.Debug|x64.ActiveCfg = Debug|x64
		{B58F8181-5E22-491C-A5A7-5D739CE7F77F}.Debug|x64.Build.0 = Debug|x64
		{B58F8181-5E22-491C-A5A7-5D739CE7F77F}.Debug|x86.ActiveCfg = Debug|Win32
		{B58F8181-5E22-491C-A5A7-5D739CE7F77F}.Debug|x86.Build.0 = Debug|Win32
		{B58F8181-5E22-491C-A5A7-5D739CE7F77F}.Release|x64.ActiveCfg = Release|x64
		{B58F8181-5E22-491C-A5A7-5D739CE7F77F}.Release|x64.Build.0 = Release|x64
		{B58F8181-5E22-491C-A5A7-5D739CE7F77F}.Release|x86.ActiveCfg = Release|Win32
		{B58F8181-5E22-491C-A5A7-5D739CE7F77F}.Release|x86.Build.0 = Release|Win32
		{11F1424B-4CA6-4D96-BDF9-382186F79228}.Debug|x64.ActiveCfg = Debug|x64
		{11F1424B-4CA6-4D96-BDF9-382186F79228}.Debug|x64.Build.0 = Debug|x64
		{11F1424B-4CA6-4D96-BDF9-382186F79228}.Debug|x86.ActiveCfg = Debug|Win32
		{11F1424B-4CA6-4D96-BDF9-382186F79228}.Debug|x86.Build.0 = Debug|Win32
		{11F1424B-4CA6-4D96-BDF9-382186F79228}.Release|x64.ActiveCfg = Release|x64
		{11F1424B-4CA6-4D96-BDF9-382186F79228}.Release|x64.Build.0 = Release|x64
		{11F1424B-4CA6-4D96-BDF9-382186F79228}.Release|x86.ActiveCfg = Release|Win32
		{11F1424B-4CA6-4D96-BDF9-382186F79228}.Release|x86.Build.0 = Release|Win32
		{62CB1A0F-11B8-460E-8725-C786E1D11FD4}.Debug|x64.ActiveCfg = Debug|x64
		{62CB1A0F-11B8-460E-8725-C786E1D11FD4}.Debug|x64.Build.0 = Debug|x64
		{62CB1A0F-11B8-460E-8725-C786E1D11FD4}.Debug|x86.ActiveCfg = Debug|Win32
		{62CB1A0F-11B8-460E-8725-C786E1D11FD4}.Debug|x86.Build.0 = Debug|Win32
		{62CB1A0F-11B8-460E-8725-C786E1D11FD4}.Release|x64.ActiveCfg = Release|x64
		{62CB1A0F-11B8-460E-8725-C786E1D11FD4}.Release|x64.Build.0 = Release|x64
		{62CB1A0F-11B8-460E-8725-C786E1D11FD4}.Release|x86.ActiveCfg = Release|Win32
		{62CB1A0F-11B8-460E-8725-C786E1D11FD4}.Release|x86.Build.0 = Release|Win32
		{D360CDE9-1D05-48C0-B807-7B16D90F5A4B}.Debug|x64.ActiveCfg = Debug|x64
		{D360CDE9-1D05-48C0-B807-7B16D90F5A4B}.Debug|x64.Build.0 = Debug|x64
		{D360CDE9-1D05-48C0-B807-7B16D90F5A4B}.Debug|x86.ActiveCfg = Debug|Win32
		{D360CDE9-1D05-48C0-B807-7B16D90F5A4B}.Debug|x86.Build.0 = Debug|Win32
		{D360CDE9-1D05-48C0-B807-7B16D90F5A4B}.Release|x64.ActiveCfg = Release|x64
		{D360CDE9-1D05-48C0-B807-7B16D90F5A4B}.Release|x64.Build.0 = Release|x64
		{D360CDE9-1D05-48C0-B807-7B16D90F5A4B}.Release|x86.ActiveCfg = Release|Win32
		{D360CDE9-1D05-48C0-B807-7B16D90F5A4B}.Release|x86.Build.0 = Release|Win32
		{BD26CE44-3C2C-4931-B64C-278FECE46315}.Debug|x64.ActiveCfg = Debug|x64
		{BD26CE44-3C2C-4931-B64C-278FECE46315}.Debug|x64.Build.0 = Debug|x64
		{BD26CE44-3C2C-4931-B64C-278FECE46315}.Debug|x86.ActiveCfg = Debug|Win32
		{BD26CE44-3C2C-4931-B64C-278FECE46315}.Debug|x86.Build.0 = Debug|Win32
		{BD26CE44-3C2C-4931-B64C-278FECE46315}.Release|x64.ActiveCfg = Release|x64
		{BD26CE44-3C2C-4931-B64C-278FECE46315}.Release|x64.Build.0 = Release|x64
		{BD26CE44-3C2C-4931-B64C-278FECE46315}.Release|x86.ActiveCfg = Release|Win32
		{BD26CE44-3C2C-4931-B64C-278FECE46315}.Release|x86.Build.0 = Release|Win32
		{94C76868-C791-4EF2-B5D9-DB3FDA5A9B37}.Debug|x64.ActiveCfg = Debug|x64
		{94C76868-C791-4EF2-B5D9-DB3FDA5A9B37}.Debug|x64.Build.0 = Debug|x64
		{94C76868-C791-4EF2-B5D9-DB3FDA5A9B37}.Debug|x86.ActiveCfg = Debug|Win32
		{94C76868-C791-4EF2-B5D9-DB3FDA5A9B37}.Debug|x86.Build.0 = Debug|Win32
		{94C76868-C791-4EF2-B5D9-DB3FDA5A9B37}.Release|x64.ActiveCfg = Release|x64
		{94C76868-C791-4EF2-B5D9-DB3FDA5A9B37}.Release|x64.Build.0 = Release|x64
		{94C76868-C791-4EF2-B5D9-DB3FDA5A9B37}.Release|x86.ActiveCfg = Release|Win32
		{94C76868-C791-4EF2-B5D9-DB3FDA5A9B37}.Release|x86.Build.0 = Release|Win32
		{B9F50169-6F2D-4C4F-89B3-DE309A72F317}.Debug|x64.ActiveCfg = Debug|x64
		{B9F50169-6F2D-4C4F-89B3-DE309A72F317}.Debug|x64.Build.0 = Debug|x64
		{B9F50169-6F2D-4C4F-89B3-DE309A72F317}.Debug|x86.ActiveCfg = Debug|Win32
		{B9F50169-6F2D-4C4F-89B3-DE309A72F317}.Debug|x86.Build.0 = Debug|Win32
		{B9F50169-6F2D-4C4F-89B3-DE309A72F317}.Release|x64.ActiveCfg = Release|x64
		{B9F50169-6F2D-4C4F-89B3-DE309A72F317}.Release|x64.Build.0 = Release|x64
		{B9F50169-6F2D-4C4F-89B3-DE309A72F317}.Release|x86.ActiveCfg = Release|Win32
		{B9F50169-6F2D-4C4F-89B3-DE309A72F317}.Release|x86.Build.0 = Release|Win32
		{91C9FEB6-03F3-4E63-A918-10BF73E2A171}.Debug|x64.ActiveCfg = Debug|x64
		{91C9FEB6-03F3-4E63-A918-10BF73E2A171}.Debug|x64.Build.0 = Debug|x64
		{91C9FEB6-03F3-4E63-A918-10BF73E2A171}.Debug|x86.ActiveCfg = Debug|Win32
		{91C9FEB6-03F3-4E63-A918-10BF73E2A171}.Debug|x86.Build.0 = Debug|Win32
		{91C9FEB6-03F3-4E63-A918-10BF73E2A171}.Release|x64.ActiveCfg = Release|x64
		{91C9FEB6-03F3-4E63-A918-10BF73E2A171}.Release|x64.Build.0 = Release|x64
		{91C9FEB6-03F3-4E63-A918-10BF73E2A171}.Release|x86.ActiveCfg = Release|Win32
		{91C9FEB6-03F3-4E63-A918-10BF73E2A171}.Release|x86.Build.0 = Release|Win32
		{F75459EC-B456-476F-A98B-1EEA618868D9}.Debug|x64.ActiveCfg = Debug|x64
		{F75459EC-B456-476F-A98B-1EEA618868D9}.Debug|x64.Build.0 = Debug|x64
		{F75459EC-B456-476F-A98B-1EEA618868D9}.Debug|x86.ActiveCfg = Debug|Win32
		{F75459EC-B456-476F-A98B-1EEA618868D9}.Debug|x86.Build.0 = Debug|Win32
		{F75459EC-B456-476F-A98B-1EEA618868D9}.Release|x64.ActiveCfg = Release|x64
		{F75459EC-B456-476F-A98B-1EEA618868D9}.Release|x64.Build.0 = Release|x64
		{F75459EC-B456-476F-A98B-1EEA618868D9}.Release|x86.ActiveCfg = Release|Win32
		{F75459EC-B456-476F-A98B-1EEA618868D9}.Release|x86.Build.0 = Release|Win32
	EndGlobalSection
	GlobalSection(SolutionProperties) = preSolution
		HideSolutionNode = FALSE
	EndGlobalSection
	GlobalSection(NestedProjects) = preSolution
		{A0A4674E-4763-49A1-88E8-C82AFBBC5C41} = {F330E37F-6742-46CE-A96A-7077B8F7A14E}
		{4F15256C-10BA-46CC-986B-3A2668B2B90A} = {4F031841-859D-47C4-82D1-402E51389DAB}
		{E659E41E-4D87-4D46-9801-619FC6C81392} = {FDEA216F-2F12-4C8A-8152-993B944AABA5}
		{083BE180-041F-4169-94A0-ED5F076DD1DC} = {FDEA216F-2F12-4C8A-8152-993B944AABA5}
		{D3CCCEA2-984B-4D87-82A2-4F5E34D5121A} = {FDEA216F-2F12-4C8A-8152-993B944AABA5}
		{3665ABB1-267C-40CE-A883-DD29B64127EA} = {26487DA0-DD28-4FD4-BE5E-EA118FB313CC}
		{FE100D03-F763-4C17-965D-5CB7CFFFDA6B} = {F330E37F-6742-46CE-A96A-7077B8F7A14E}
		{51AD0F1C-12D4-4808-A2CD-1EFAF52F72B3} = {26487DA0-DD28-4FD4-BE5E-EA118FB313CC}
		{33057FBD-BAAE-48CF-95B2-8777F006E9E3} = {26487DA0-DD28-4FD4-BE5E-EA118FB313CC}
		{95D9A1F6-6C05-412C-8D1A-0D2B2800EE23} = {26487DA0-DD28-4FD4-BE5E-EA118FB313CC}
		{EB3D9E08-89FB-424E-A596-5C3D3904BA75} = {7BF23CAE-5F04-4C4B-B257-DE2A0256E078}
		{5323800A-0BFA-4DC1-8A9F-DBB9A86E637B} = {7BF23CAE-5F04-4C4B-B257-DE2A0256E078}
		{4B8187F8-4473-4316-9177-D430166A7E5E} = {7BF23CAE-5F04-4C4B-B257-DE2A0256E078}
		{AAF56C44-D2A3-4208-B3CD-4C2363863334} = {7BF23CAE-5F04-4C4B-B257-DE2A0256E078}
		{C309C6CA-D279-4F8C-BC73-B8F0632D4D73} = {308555FE-25E1-4AED-9499-B9A0E1AE9024}
		{4D9A8053-29D7-4EB6-ADA0-86B7846222CC} = {308555FE-25E1-4AED-9499-B9A0E1AE9024}
		{65680552-29D6-4D3A-A569-1B146F6F14E5} = {308555FE-25E1-4AED-9499-B9A0E1AE9024}
		{A3E7C132-5F84-4553-8ECA-C2820D821316} = {308555FE-25E1-4AED-9499-B9A0E1AE9024}
		{417927CD-F916-431E-AEC9-8C69DF0838E7} = {308555FE-25E1-4AED-9499-B9A0E1AE9024}
		{4A7341C5-942C-44D8-9A83-DA78EB3842BB} = {308555FE-25E1-4AED-9499-B9A0E1AE9024}
		{C741E9D3-2A0B-41C8-BB1C-51EFB29A1F47} = {308555FE-25E1-4AED-9499-B9A0E1AE9024}
		{7A33352F-F027-43CA-9621-29B6398336F1} = {B0D28082-77A8-4917-BF46-9B266F11B73E}
		{B212A0CC-1040-4A68-AB8C-91BEEDABC211} = {B0D28082-77A8-4917-BF46-9B266F11B73E}
		{357FB40D-705C-4098-BA64-17FFDAD19C32} = {8B8A792A-7A44-4FEF-BB15-95A50C48B011}
		{2BB5E0B4-52E5-43A0-ACCF-452D73F95052} = {345A0BD8-9913-44F0-A5C5-738ED0F0CD4E}
		{56765800-FF72-4452-BC4C-BD8B546D5ECB} = {345A0BD8-9913-44F0-A5C5-738ED0F0CD4E}
		{38F3E495-9BC0-47E5-998D-C6569AB4ED62} = {345A0BD8-9913-44F0-A5C5-738ED0F0CD4E}
		{BBF5D45B-D5A0-404B-889B-4AF378EEACD9} = {C607F7A6-839F-4F08-8A11-94927E4D6EDF}
		{22DE2773-A0BE-4EF6-B362-6131FA2DE6A3} = {C607F7A6-839F-4F08-8A11-94927E4D6EDF}
		{C6795173-98C1-48E5-A10A-E4C8134A522B} = {C607F7A6-839F-4F08-8A11-94927E4D6EDF}
		{2B1DE3BC-5AE0-47CE-B39D-287C57281FDB} = {C607F7A6-839F-4F08-8A11-94927E4D6EDF}
		{8E391526-B250-4714-A1A2-9B9C9A5F6633} = {75D07F9D-C219-499C-9084-131EE18A5A7E}
		{D73EB6C7-C538-49E3-BBA5-9B545D2D9377} = {75D07F9D-C219-499C-9084-131EE18A5A7E}
		{B58F8181-5E22-491C-A5A7-5D739CE7F77F} = {75D07F9D-C219-499C-9084-131EE18A5A7E}
		{11F1424B-4CA6-4D96-BDF9-382186F79228} = {75D07F9D-C219-499C-9084-131EE18A5A7E}
		{62CB1A0F-11B8-460E-8725-C786E1D11FD4} = {75D07F9D-C219-499C-9084-131EE18A5A7E}
		{D360CDE9-1D05-48C0-B807-7B16D90F5A4B} = {75D07F9D-C219-499C-9084-131EE18A5A7E}
		{BD26CE44-3C2C-4931-B64C-278FECE46315} = {A296ADC3-56CC-4BB1-96BD-D0F22FFF9DB6}
		{94C76868-C791-4EF2-B5D9-DB3FDA5A9B37} = {A296ADC3-56CC-4BB1-96BD-D0F22FFF9DB6}
		{B9F50169-6F2D-4C4F-89B3-DE309A72F317} = {A825D415-E8ED-4E35-825D-77493B147D90}
		{91C9FEB6-03F3-4E63-A918-10BF73E2A171} = {A825D415-E8ED-4E35-825D-77493B147D90}
		{F75459EC-B456-476F-A98B-1EEA618868D9} = {A825D415-E8ED-4E35-825D-77493B147D90}
	EndGlobalSection
EndGlobal
